
Microsoft Visual Studio Solution File, Format Version 12.00
# Visual Studio Version 17
VisualStudioVersion = 17.9.34607.119
MinimumVisualStudioVersion = 10.0.40219.1
Project("{9A19103F-16F7-4668-BE54-9A1E7A4F7556}") = "ApiPergamino", "ApiPergamino\ApiPergamino.csproj", "{35AD08CB-1D88-4356-BA36-0C4A618397D3}"
EndProject
Global
	GlobalSection(SolutionConfigurationPlatforms) = preSolution
		Debug|Any CPU = Debug|Any CPU
		Release|Any CPU = Release|Any CPU
	EndGlobalSection
	GlobalSection(ProjectConfigurationPlatforms) = postSolution
		{35AD08CB-1D88-4356-BA36-0C4A618397D3}.Debug|Any CPU.ActiveCfg = Debug|Any CPU
		{35AD08CB-1D88-4356-BA36-0C4A618397D3}.Debug|Any CPU.Build.0 = Debug|Any CPU
		{35AD08CB-1D88-4356-BA36-0C4A618397D3}.Release|Any CPU.ActiveCfg = Release|Any CPU
		{35AD08CB-1D88-4356-BA36-0C4A618397D3}.Release|Any CPU.Build.0 = Release|Any CPU
	EndGlobalSection
	GlobalSection(SolutionProperties) = preSolution
		HideSolutionNode = FALSE
	EndGlobalSection
	GlobalSection(ExtensibilityGlobals) = postSolution
		SolutionGuid = {8F4CCDC8-DBE6-4D2E-A4AF-F5658C43F866}
	EndGlobalSection
EndGlobal
